
Microsoft Visual Studio Solution File, Format Version 12.00
# Visual Studio Version 16
VisualStudioVersion = 16.0.28407.52
MinimumVisualStudioVersion = 15.0.26124.0
Project("{FAE04EC0-301F-11D3-BF4B-00C04F79EFBC}") = "CitySpeaks.Domain", "CitySpeaks.Domain\CitySpeaks.Domain.csproj", "{6AF3E3F5-118B-4A13-B736-09B0812BD8D5}"
EndProject
Project("{FAE04EC0-301F-11D3-BF4B-00C04F79EFBC}") = "CitySpeaks.Infrastructure", "CitySpeaks.Infrastructure\CitySpeaks.Infrastructure.csproj", "{1855170F-2E69-469B-8F3A-DDB987992C4F}"
EndProject
Project("{FAE04EC0-301F-11D3-BF4B-00C04F79EFBC}") = "CitySpeaks.WebUI", "CitySpeaks.WebUI\CitySpeaks.WebUI.csproj", "{75D5587B-67DA-4A69-8C0D-9AC0F498C82A}"
EndProject
Global
	GlobalSection(SolutionConfigurationPlatforms) = preSolution
		Debug|Any CPU = Debug|Any CPU
		Debug|x64 = Debug|x64
		Debug|x86 = Debug|x86
		Release|Any CPU = Release|Any CPU
		Release|x64 = Release|x64
		Release|x86 = Release|x86
	EndGlobalSection
	GlobalSection(ProjectConfigurationPlatforms) = postSolution
		{6AF3E3F5-118B-4A13-B736-09B0812BD8D5}.Debug|Any CPU.ActiveCfg = Debug|Any CPU
		{6AF3E3F5-118B-4A13-B736-09B0812BD8D5}.Debug|Any CPU.Build.0 = Debug|Any CPU
		{6AF3E3F5-118B-4A13-B736-09B0812BD8D5}.Debug|x64.ActiveCfg = Debug|Any CPU
		{6AF3E3F5-118B-4A13-B736-09B0812BD8D5}.Debug|x64.Build.0 = Debug|Any CPU
		{6AF3E3F5-118B-4A13-B736-09B0812BD8D5}.Debug|x86.ActiveCfg = Debug|Any CPU
		{6AF3E3F5-118B-4A13-B736-09B0812BD8D5}.Debug|x86.Build.0 = Debug|Any CPU
		{6AF3E3F5-118B-4A13-B736-09B0812BD8D5}.Release|Any CPU.ActiveCfg = Release|Any CPU
		{6AF3E3F5-118B-4A13-B736-09B0812BD8D5}.Release|Any CPU.Build.0 = Release|Any CPU
		{6AF3E3F5-118B-4A13-B736-09B0812BD8D5}.Release|x64.ActiveCfg = Release|Any CPU
		{6AF3E3F5-118B-4A13-B736-09B0812BD8D5}.Release|x64.Build.0 = Release|Any CPU
		{6AF3E3F5-118B-4A13-B736-09B0812BD8D5}.Release|x86.ActiveCfg = Release|Any CPU
		{6AF3E3F5-118B-4A13-B736-09B0812BD8D5}.Release|x86.Build.0 = Release|Any CPU
		{1855170F-2E69-469B-8F3A-DDB987992C4F}.Debug|Any CPU.ActiveCfg = Debug|Any CPU
		{1855170F-2E69-469B-8F3A-DDB987992C4F}.Debug|Any CPU.Build.0 = Debug|Any CPU
		{1855170F-2E69-469B-8F3A-DDB987992C4F}.Debug|x64.ActiveCfg = Debug|Any CPU
		{1855170F-2E69-469B-8F3A-DDB987992C4F}.Debug|x64.Build.0 = Debug|Any CPU
		{1855170F-2E69-469B-8F3A-DDB987992C4F}.Debug|x86.ActiveCfg = Debug|Any CPU
		{1855170F-2E69-469B-8F3A-DDB987992C4F}.Debug|x86.Build.0 = Debug|Any CPU
		{1855170F-2E69-469B-8F3A-DDB987992C4F}.Release|Any CPU.ActiveCfg = Release|Any CPU
		{1855170F-2E69-469B-8F3A-DDB987992C4F}.Release|Any CPU.Build.0 = Release|Any CPU
		{1855170F-2E69-469B-8F3A-DDB987992C4F}.Release|x64.ActiveCfg = Release|Any CPU
		{1855170F-2E69-469B-8F3A-DDB987992C4F}.Release|x64.Build.0 = Release|Any CPU
		{1855170F-2E69-469B-8F3A-DDB987992C4F}.Release|x86.ActiveCfg = Release|Any CPU
		{1855170F-2E69-469B-8F3A-DDB987992C4F}.Release|x86.Build.0 = Release|Any CPU
		{75D5587B-67DA-4A69-8C0D-9AC0F498C82A}.Debug|Any CPU.ActiveCfg = Debug|Any CPU
		{75D5587B-67DA-4A69-8C0D-9AC0F498C82A}.Debug|Any CPU.Build.0 = Debug|Any CPU
		{75D5587B-67DA-4A69-8C0D-9AC0F498C82A}.Debug|x64.ActiveCfg = Debug|Any CPU
		{75D5587B-67DA-4A69-8C0D-9AC0F498C82A}.Debug|x64.Build.0 = Debug|Any CPU
		{75D5587B-67DA-4A69-8C0D-9AC0F498C82A}.Debug|x86.ActiveCfg = Debug|Any CPU
		{75D5587B-67DA-4A69-8C0D-9AC0F498C82A}.Debug|x86.Build.0 = Debug|Any CPU
		{75D5587B-67DA-4A69-8C0D-9AC0F498C82A}.Release|Any CPU.ActiveCfg = Release|Any CPU
		{75D5587B-67DA-4A69-8C0D-9AC0F498C82A}.Release|Any CPU.Build.0 = Release|Any CPU
		{75D5587B-67DA-4A69-8C0D-9AC0F498C82A}.Release|x64.ActiveCfg = Release|Any CPU
		{75D5587B-67DA-4A69-8C0D-9AC0F498C82A}.Release|x64.Build.0 = Release|Any CPU
		{75D5587B-67DA-4A69-8C0D-9AC0F498C82A}.Release|x86.ActiveCfg = Release|Any CPU
		{75D5587B-67DA-4A69-8C0D-9AC0F498C82A}.Release|x86.Build.0 = Release|Any CPU
	EndGlobalSection
	GlobalSection(SolutionProperties) = preSolution
		HideSolutionNode = FALSE
	EndGlobalSection
	GlobalSection(ExtensibilityGlobals) = postSolution
		SolutionGuid = {25678168-A826-498E-8641-7447C0812F3C}
	EndGlobalSection
EndGlobal
