
Microsoft Visual Studio Solution File, Format Version 12.00
# Visual Studio 15
VisualStudioVersion = 15.0.28307.168
MinimumVisualStudioVersion = 15.0.26124.0
Project("{9A19103F-16F7-4668-BE54-9A1E7A4F7556}") = "CitySpeaks.Domain", "CitySpeaks.Domain\CitySpeaks.Domain.csproj", "{6AF3E3F5-118B-4A13-B736-09B0812BD8D5}"
EndProject
Project("{9A19103F-16F7-4668-BE54-9A1E7A4F7556}") = "CitySpeaks.Persistence", "CitySpeaks.Infrastructure\CitySpeaks.Persistence.csproj", "{1855170F-2E69-469B-8F3A-DDB987992C4F}"
EndProject
Project("{9A19103F-16F7-4668-BE54-9A1E7A4F7556}") = "CitySpeaks.WebUI", "CitySpeaks.WebUI\CitySpeaks.WebUI.csproj", "{75D5587B-67DA-4A69-8C0D-9AC0F498C82A}"
EndProject
Project("{2150E333-8FDC-42A3-9474-1A3956D46DE8}") = "Core", "Core", "{84F372CB-D24C-4CEF-9E7C-A7C41BE8A7C0}"
EndProject
Project("{9A19103F-16F7-4668-BE54-9A1E7A4F7556}") = "CitySpeaks.Application", "CitySpeaks.Application\CitySpeaks.Application.csproj", "{916E6470-FBF4-42E3-AFF6-C097523FF940}"
EndProject
Project("{FAE04EC0-301F-11D3-BF4B-00C04F79EFBC}") = "CitySpeaks_samle", "..\..\CitySpeaks_samle\CitySpeaks_samle.csproj", "{F9E3DCF3-EF12-489E-B723-03C6547267D6}"
EndProject
Project("{2150E333-8FDC-42A3-9474-1A3956D46DE8}") = "Infrastructure", "Infrastructure", "{A06D83FF-19E4-4558-8A16-508768CCEB6B}"
EndProject
Project("{FAE04EC0-301F-11D3-BF4B-00C04F79EFBC}") = "CitySpeaks.Infrastructure.Interfaces", "CitySpeaks.Infrastructure.Interfaces\CitySpeaks.Infrastructure.Interfaces.csproj", "{D77EE061-1BA5-4727-99D5-A6FD89D8ACE7}"
EndProject
Global
	GlobalSection(SolutionConfigurationPlatforms) = preSolution
		Debug|Any CPU = Debug|Any CPU
		Debug|x64 = Debug|x64
		Debug|x86 = Debug|x86
		Release|Any CPU = Release|Any CPU
		Release|x64 = Release|x64
		Release|x86 = Release|x86
	EndGlobalSection
	GlobalSection(ProjectConfigurationPlatforms) = postSolution
		{6AF3E3F5-118B-4A13-B736-09B0812BD8D5}.Debug|Any CPU.ActiveCfg = Debug|Any CPU
		{6AF3E3F5-118B-4A13-B736-09B0812BD8D5}.Debug|Any CPU.Build.0 = Debug|Any CPU
		{6AF3E3F5-118B-4A13-B736-09B0812BD8D5}.Debug|x64.ActiveCfg = Debug|Any CPU
		{6AF3E3F5-118B-4A13-B736-09B0812BD8D5}.Debug|x64.Build.0 = Debug|Any CPU
		{6AF3E3F5-118B-4A13-B736-09B0812BD8D5}.Debug|x86.ActiveCfg = Debug|Any CPU
		{6AF3E3F5-118B-4A13-B736-09B0812BD8D5}.Debug|x86.Build.0 = Debug|Any CPU
		{6AF3E3F5-118B-4A13-B736-09B0812BD8D5}.Release|Any CPU.ActiveCfg = Release|Any CPU
		{6AF3E3F5-118B-4A13-B736-09B0812BD8D5}.Release|Any CPU.Build.0 = Release|Any CPU
		{6AF3E3F5-118B-4A13-B736-09B0812BD8D5}.Release|x64.ActiveCfg = Release|Any CPU
		{6AF3E3F5-118B-4A13-B736-09B0812BD8D5}.Release|x64.Build.0 = Release|Any CPU
		{6AF3E3F5-118B-4A13-B736-09B0812BD8D5}.Release|x86.ActiveCfg = Release|Any CPU
		{6AF3E3F5-118B-4A13-B736-09B0812BD8D5}.Release|x86.Build.0 = Release|Any CPU
		{1855170F-2E69-469B-8F3A-DDB987992C4F}.Debug|Any CPU.ActiveCfg = Debug|Any CPU
		{1855170F-2E69-469B-8F3A-DDB987992C4F}.Debug|Any CPU.Build.0 = Debug|Any CPU
		{1855170F-2E69-469B-8F3A-DDB987992C4F}.Debug|x64.ActiveCfg = Debug|Any CPU
		{1855170F-2E69-469B-8F3A-DDB987992C4F}.Debug|x64.Build.0 = Debug|Any CPU
		{1855170F-2E69-469B-8F3A-DDB987992C4F}.Debug|x86.ActiveCfg = Debug|Any CPU
		{1855170F-2E69-469B-8F3A-DDB987992C4F}.Debug|x86.Build.0 = Debug|Any CPU
		{1855170F-2E69-469B-8F3A-DDB987992C4F}.Release|Any CPU.ActiveCfg = Release|Any CPU
		{1855170F-2E69-469B-8F3A-DDB987992C4F}.Release|Any CPU.Build.0 = Release|Any CPU
		{1855170F-2E69-469B-8F3A-DDB987992C4F}.Release|x64.ActiveCfg = Release|Any CPU
		{1855170F-2E69-469B-8F3A-DDB987992C4F}.Release|x64.Build.0 = Release|Any CPU
		{1855170F-2E69-469B-8F3A-DDB987992C4F}.Release|x86.ActiveCfg = Release|Any CPU
		{1855170F-2E69-469B-8F3A-DDB987992C4F}.Release|x86.Build.0 = Release|Any CPU
		{75D5587B-67DA-4A69-8C0D-9AC0F498C82A}.Debug|Any CPU.ActiveCfg = Debug|Any CPU
		{75D5587B-67DA-4A69-8C0D-9AC0F498C82A}.Debug|Any CPU.Build.0 = Debug|Any CPU
		{75D5587B-67DA-4A69-8C0D-9AC0F498C82A}.Debug|x64.ActiveCfg = Debug|Any CPU
		{75D5587B-67DA-4A69-8C0D-9AC0F498C82A}.Debug|x64.Build.0 = Debug|Any CPU
		{75D5587B-67DA-4A69-8C0D-9AC0F498C82A}.Debug|x86.ActiveCfg = Debug|Any CPU
		{75D5587B-67DA-4A69-8C0D-9AC0F498C82A}.Debug|x86.Build.0 = Debug|Any CPU
		{75D5587B-67DA-4A69-8C0D-9AC0F498C82A}.Release|Any CPU.ActiveCfg = Release|Any CPU
		{75D5587B-67DA-4A69-8C0D-9AC0F498C82A}.Release|Any CPU.Build.0 = Release|Any CPU
		{75D5587B-67DA-4A69-8C0D-9AC0F498C82A}.Release|x64.ActiveCfg = Release|Any CPU
		{75D5587B-67DA-4A69-8C0D-9AC0F498C82A}.Release|x64.Build.0 = Release|Any CPU
		{75D5587B-67DA-4A69-8C0D-9AC0F498C82A}.Release|x86.ActiveCfg = Release|Any CPU
		{75D5587B-67DA-4A69-8C0D-9AC0F498C82A}.Release|x86.Build.0 = Release|Any CPU
		{916E6470-FBF4-42E3-AFF6-C097523FF940}.Debug|Any CPU.ActiveCfg = Debug|Any CPU
		{916E6470-FBF4-42E3-AFF6-C097523FF940}.Debug|Any CPU.Build.0 = Debug|Any CPU
		{916E6470-FBF4-42E3-AFF6-C097523FF940}.Debug|x64.ActiveCfg = Debug|Any CPU
		{916E6470-FBF4-42E3-AFF6-C097523FF940}.Debug|x64.Build.0 = Debug|Any CPU
		{916E6470-FBF4-42E3-AFF6-C097523FF940}.Debug|x86.ActiveCfg = Debug|Any CPU
		{916E6470-FBF4-42E3-AFF6-C097523FF940}.Debug|x86.Build.0 = Debug|Any CPU
		{916E6470-FBF4-42E3-AFF6-C097523FF940}.Release|Any CPU.ActiveCfg = Release|Any CPU
		{916E6470-FBF4-42E3-AFF6-C097523FF940}.Release|Any CPU.Build.0 = Release|Any CPU
		{916E6470-FBF4-42E3-AFF6-C097523FF940}.Release|x64.ActiveCfg = Release|Any CPU
		{916E6470-FBF4-42E3-AFF6-C097523FF940}.Release|x64.Build.0 = Release|Any CPU
		{916E6470-FBF4-42E3-AFF6-C097523FF940}.Release|x86.ActiveCfg = Release|Any CPU
		{916E6470-FBF4-42E3-AFF6-C097523FF940}.Release|x86.Build.0 = Release|Any CPU
		{F9E3DCF3-EF12-489E-B723-03C6547267D6}.Debug|Any CPU.ActiveCfg = Debug|Any CPU
		{F9E3DCF3-EF12-489E-B723-03C6547267D6}.Debug|Any CPU.Build.0 = Debug|Any CPU
		{F9E3DCF3-EF12-489E-B723-03C6547267D6}.Debug|x64.ActiveCfg = Debug|Any CPU
		{F9E3DCF3-EF12-489E-B723-03C6547267D6}.Debug|x64.Build.0 = Debug|Any CPU
		{F9E3DCF3-EF12-489E-B723-03C6547267D6}.Debug|x86.ActiveCfg = Debug|Any CPU
		{F9E3DCF3-EF12-489E-B723-03C6547267D6}.Debug|x86.Build.0 = Debug|Any CPU
		{F9E3DCF3-EF12-489E-B723-03C6547267D6}.Release|Any CPU.ActiveCfg = Release|Any CPU
		{F9E3DCF3-EF12-489E-B723-03C6547267D6}.Release|Any CPU.Build.0 = Release|Any CPU
		{F9E3DCF3-EF12-489E-B723-03C6547267D6}.Release|x64.ActiveCfg = Release|Any CPU
		{F9E3DCF3-EF12-489E-B723-03C6547267D6}.Release|x64.Build.0 = Release|Any CPU
		{F9E3DCF3-EF12-489E-B723-03C6547267D6}.Release|x86.ActiveCfg = Release|Any CPU
		{F9E3DCF3-EF12-489E-B723-03C6547267D6}.Release|x86.Build.0 = Release|Any CPU
		{D77EE061-1BA5-4727-99D5-A6FD89D8ACE7}.Debug|Any CPU.ActiveCfg = Debug|Any CPU
		{D77EE061-1BA5-4727-99D5-A6FD89D8ACE7}.Debug|Any CPU.Build.0 = Debug|Any CPU
		{D77EE061-1BA5-4727-99D5-A6FD89D8ACE7}.Debug|x64.ActiveCfg = Debug|Any CPU
		{D77EE061-1BA5-4727-99D5-A6FD89D8ACE7}.Debug|x64.Build.0 = Debug|Any CPU
		{D77EE061-1BA5-4727-99D5-A6FD89D8ACE7}.Debug|x86.ActiveCfg = Debug|Any CPU
		{D77EE061-1BA5-4727-99D5-A6FD89D8ACE7}.Debug|x86.Build.0 = Debug|Any CPU
		{D77EE061-1BA5-4727-99D5-A6FD89D8ACE7}.Release|Any CPU.ActiveCfg = Release|Any CPU
		{D77EE061-1BA5-4727-99D5-A6FD89D8ACE7}.Release|Any CPU.Build.0 = Release|Any CPU
		{D77EE061-1BA5-4727-99D5-A6FD89D8ACE7}.Release|x64.ActiveCfg = Release|Any CPU
		{D77EE061-1BA5-4727-99D5-A6FD89D8ACE7}.Release|x64.Build.0 = Release|Any CPU
		{D77EE061-1BA5-4727-99D5-A6FD89D8ACE7}.Release|x86.ActiveCfg = Release|Any CPU
		{D77EE061-1BA5-4727-99D5-A6FD89D8ACE7}.Release|x86.Build.0 = Release|Any CPU
	EndGlobalSection
	GlobalSection(SolutionProperties) = preSolution
		HideSolutionNode = FALSE
	EndGlobalSection
	GlobalSection(NestedProjects) = preSolution
		{6AF3E3F5-118B-4A13-B736-09B0812BD8D5} = {84F372CB-D24C-4CEF-9E7C-A7C41BE8A7C0}
		{1855170F-2E69-469B-8F3A-DDB987992C4F} = {A06D83FF-19E4-4558-8A16-508768CCEB6B}
		{916E6470-FBF4-42E3-AFF6-C097523FF940} = {84F372CB-D24C-4CEF-9E7C-A7C41BE8A7C0}
		{D77EE061-1BA5-4727-99D5-A6FD89D8ACE7} = {A06D83FF-19E4-4558-8A16-508768CCEB6B}
	EndGlobalSection
	GlobalSection(ExtensibilityGlobals) = postSolution
		SolutionGuid = {25678168-A826-498E-8641-7447C0812F3C}
	EndGlobalSection
EndGlobal
